
Microsoft Visual Studio Solution File, Format Version 12.00
# Visual Studio Version 17
VisualStudioVersion = 17.4.33205.214
MinimumVisualStudioVersion = 10.0.40219.1
Project("{FAE04EC0-301F-11D3-BF4B-00C04F79EFBC}") = "Timer", "Timer\Timer.csproj", "{77AB4ABE-DD1C-4D9C-B3F1-0CF17993A3AB}"
EndProject
Global
	GlobalSection(SolutionConfigurationPlatforms) = preSolution
		Debug|Any CPU = Debug|Any CPU
		Release|Any CPU = Release|Any CPU
	EndGlobalSection
	GlobalSection(ProjectConfigurationPlatforms) = postSolution
		{77AB4ABE-DD1C-4D9C-B3F1-0CF17993A3AB}.Debug|Any CPU.ActiveCfg = Debug|Any CPU
		{77AB4ABE-DD1C-4D9C-B3F1-0CF17993A3AB}.Debug|Any CPU.Build.0 = Debug|Any CPU
		{77AB4ABE-DD1C-4D9C-B3F1-0CF17993A3AB}.Release|Any CPU.ActiveCfg = Release|Any CPU
		{77AB4ABE-DD1C-4D9C-B3F1-0CF17993A3AB}.Release|Any CPU.Build.0 = Release|Any CPU
	EndGlobalSection
	GlobalSection(SolutionProperties) = preSolution
		HideSolutionNode = FALSE
	EndGlobalSection
	GlobalSection(ExtensibilityGlobals) = postSolution
		SolutionGuid = {DB219A83-999B-41ED-97A8-C2BBF32EA2D3}
	EndGlobalSection
EndGlobal
